
Microsoft Visual Studio Solution File, Format Version 12.00
# Visual Studio Version 16
VisualStudioVersion = 16.0.31205.134
MinimumVisualStudioVersion = 10.0.40219.1
Project("{FAE04EC0-301F-11D3-BF4B-00C04F79EFBC}") = "UrlLoader", "UrlLoader\UrlLoader.csproj", "{AB03E67F-9BBF-43C3-9492-441360726680}"
EndProject
Global
	GlobalSection(SolutionConfigurationPlatforms) = preSolution
		Debug|Any CPU = Debug|Any CPU
		Release|Any CPU = Release|Any CPU
	EndGlobalSection
	GlobalSection(ProjectConfigurationPlatforms) = postSolution
		{AB03E67F-9BBF-43C3-9492-441360726680}.Debug|Any CPU.ActiveCfg = Debug|Any CPU
		{AB03E67F-9BBF-43C3-9492-441360726680}.Debug|Any CPU.Build.0 = Debug|Any CPU
		{AB03E67F-9BBF-43C3-9492-441360726680}.Release|Any CPU.ActiveCfg = Release|Any CPU
		{AB03E67F-9BBF-43C3-9492-441360726680}.Release|Any CPU.Build.0 = Release|Any CPU
	EndGlobalSection
	GlobalSection(SolutionProperties) = preSolution
		HideSolutionNode = FALSE
	EndGlobalSection
	GlobalSection(ExtensibilityGlobals) = postSolution
		SolutionGuid = {B927B1E4-3E66-4750-AAD1-091B11852896}
	EndGlobalSection
EndGlobal
